lockfileVersion: '9.0'

settings:
  autoInstallPeers: true
  excludeLinksFromLockfile: false

importers:

  .:
    dependencies:
      '@linxin666/dsh-client-ui-git-graph':
        specifier: 0.3.16
        version: 0.3.16(react@18.3.1)

packages:

  '@linxin666/dsh-client-ui-git-graph@0.3.16':
    resolution: {integrity: sha512-V81XGD85qiiR4FYZYWS09A/xtjUDLCUO4LTHCE3vlY9waf93vnodH/NuBwjg2mMucrYj2UtXEWHsHDJDJNzcGQ==}
    engines: {node: ^22.19.0 || >=24.0.0}
    peerDependencies:
      react: ^18.2.0

  '@standard-schema/spec@1.1.0':
    resolution: {integrity: sha512-l2aFy5jALhniG5HgqrD6jXLi/rUWrKvqN/qJx6yoJsgKhblVd+iqqU4RCXavm/jPityDo5TCvKMnpjKnOriy0w==}

  cosmokit@1.8.1:
    resolution: {integrity: sha512-PDBv4l90xZKrUsZ0vtoycgZpO/j4iFsqJXrAxsyBDsnQRI7ZMJXIjgDJsKNjd5L8jnVnnlrDCdhkFbTncgCVjQ==}

  js-tokens@3.0.0:
    resolution: {integrity: sha512-poXEQHPMmTrYZuJgNRll2sbc3kJsSU1m/g1Q93IE6txNj3p6xOOOmdj1G/zCVGawYSPzTkSoWGg1otqbeqKJeg==}

  loose-envify@1.4.0:
    resolution: {integrity: sha512-lyuxPGr/Wfhrlem2CL/UcnUc1zcqKAImBDzukY7Y5F/yQiNdko6+fRLevlw1HgMySw7f611UIY408EtxRSoK3Q==}
    hasBin: true

  react@18.3.1:
    resolution: {integrity: sha512-wS+hAgJShR0KhEvPJArfuPVN1+Hz1t0Y6n5jLrGQbkb4urgPE/0Rve+1kMB1v/oWgHgm4WIcV+i7F2pTVj+2iQ==}
    engines: {node: '>=0.10.0'}

  schemastery@3.18.0:
    resolution: {integrity: sha512-Jw2uxjoyyqc/yeurmChUEc/jbi8GsrdXV/KmqRUDZXJAXAmrJiPsz8vKa17l/VckyzljHZ9oGaul443CQiXxtA==}

snapshots:

  '@linxin666/dsh-client-ui-git-graph@0.3.16(react@18.3.1)':
    dependencies:
      react: 18.3.1
      schemastery: 3.18.0

  '@standard-schema/spec@1.1.0': {}

  cosmokit@1.8.1: {}

  js-tokens@3.0.0: {}

  loose-envify@1.4.0:
    dependencies:
      js-tokens: 3.0.0

  react@18.3.1:
    dependencies:
      loose-envify: 1.4.0

  schemastery@3.18.0:
    dependencies:
      '@standard-schema/spec': 1.1.0
      cosmokit: 1.8.1
